github.com/chanced/dynamic v0.0.0-20210326184528-22a6d03a33ed h1:WSkNLpDVCU++3pzPNmyHx4DGEkomyu2slf1SlhPuU2I=
github.com/chanced/dynamic v0.0.0-20210326184528-22a6d03a33ed/go.mod h1:XVNfXN5kgZST4PQ0W/oBAHJku2OteCeHxjAbvfd0ARM=
github.com/chanced/dynamic v0.0.0-20210327055845-c489cb90ac2e h1:AJrX0OOrdqkkasfMJsPNnWdEzvVZZvji42wYqOEfBlU=
github.com/chanced/dynamic v0.0.0-20210327055845-c489cb90ac2e/go.mod h1:XVNfXN5kgZST4PQ0W/oBAHJku2OteCeHxjAbvfd0ARM=
github.com/chanced/dynamic v0.0.0-20210327165034-94e76c86310c h1:0k+btBfZuQaz4GZNRJCf7wRNxvNmQCot39e4MQHwCGA=
github.com/chanced/dynamic v0.0.0-20210327165034-94e76c86310c/go.mod h1:XVNfXN5kgZST4PQ0W/oBAHJku2OteCeHxjAbvfd0ARM=
github.com/chanced/dynamic v0.0.0-20210327173844-e0ceb8f861ef h1:Y9R0KED2n2BZ0swFNikdHOn2mxG3OiHKxcy15mzksnc=
github.com/chanced/dynamic v0.0.0-20210327173844-e0ceb8f861ef/go.mod h1:XVNfXN5kgZST4PQ0W/oBAHJku2OteCeHxjAbvfd0ARM=
github.com/chanced/dynamic v0.0.0-20210327174126-a58c4f7d6112 h1:OA2EIyCiPh1pWy+CiexsvM8Z6BwZCZlBwQ5vM4Gk61I=
github.com/chanced/dynamic v0.0.0-20210327174126-a58c4f7d6112/go.mod h1:XVNfXN5kgZST4PQ0W/oBAHJku2OteCeHxjAbvfd0ARM=
github.com/chanced/dynamic v0.0.0-20210327182917-ca9aab16a3d8 h1:m4ex3p8qcdjNxsOjopl0Oky4/dBgvrCi+SO0a6uTvho=
github.com/chanced/dynamic v0.0.0-20210327182917-ca9aab16a3d8/go.mod h1:XVNfXN5kgZST4PQ0W/oBAHJku2OteCeHxjAbvfd0ARM=
github.com/chanced/dynamic v0.0.0-20210328014743-ad2c30219f7b h1:HQW5PLHxhoS00sa9A1J8Co9ybHTUiCfPfhwZJntd/pk=
github.com/chanced/dynamic v0.0.0-20210328014743-ad2c30219f7b/go.mod h1:XVNfXN5kgZST4PQ0W/oBAHJku2OteCeHxjAbvfd0ARM=
github.com/chanced/dynamic v0.0.0-20210329063148-f3de896dc135 h1:HFNAzfjtkCPvHnLxF/zAr0C2sJAoggYOJs/Vi1r1wCE=
github.com/chanced/dynamic v0.0.0-20210329063148-f3de896dc135/go.mod h1:XVNfXN5kgZST4PQ0W/oBAHJku2OteCeHxjAbvfd0ARM=
github.com/chanced/dynamic v0.0.0-20210330031710-159889549118 h1:WAoCiWCr6lqVF5oEvYNuRnLa2OTsNvmS7+DZHdyN6ss=
github.com/chanced/dynamic v0.0.0-20210330031710-159889549118/go.mod h1:XVNfXN5kgZST4PQ0W/oBAHJku2OteCeHxjAbvfd0ARM=
github.com/chanced/dynamic v0.0.0-20210330053139-9b3b9e7d8722 h1:2T9/7YR+UOIhRSKXqy32nKSm+kmeWAdAfarcvbVW1WI=
github.com/chanced/dynamic v0.0.0-20210330053139-9b3b9e7d8722/go.mod h1:XVNfXN5kgZST4PQ0W/oBAHJku2OteCeHxjAbvfd0ARM=
github.com/chanced/dynamic v0.0.0-20210330210053-c0645b92d107 h1:CscMcCv5BlHdkBpne1i4qeLug3DFGq+BBG8YKzxPPoo=
github.com/chanced/dynamic v0.0.0-20210330210053-c0645b92d107/go.mod h1:XVNfXN5kgZST4PQ0W/oBAHJku2OteCeHxjAbvfd0ARM=
github.com/chanced/dynamic v0.0.0-20210331171527-d8e9f791257d h1:A1HvIY7qlP5XBFMnpVcRmu8Qyn2aeZVCXNPxx3TIWEg=
github.com/chanced/dynamic v0.0.0-20210331171527-d8e9f791257d/go.mod h1:XVNfXN5kgZST4PQ0W/oBAHJku2OteCeHxjAbvfd0ARM=
github.com/chanced/dynamic v0.0.0-20210331222053-29eb980df4e8 h1:J4wmnmNhlNjfMuxYH3keMvNs7d83qRQ+jai4HmFDJ9g=
github.com/chanced/dynamic v0.0.0-20210331222053-29eb980df4e8/go.mod h1:XVNfXN5kgZST4PQ0W/oBAHJku2OteCeHxjAbvfd0ARM=
github.com/chanced/dynamic v0.0.0-20210331223046-01c440e0f85f h1:5ihcbtcjY3IUwD+lNtx6ie0z+yuu8+txox8NBV3TYG4=
github.com/chanced/dynamic v0.0.0-20210331223046-01c440e0f85f/go.mod h1:XVNfXN5kgZST4PQ0W/oBAHJku2OteCeHxjAbvfd0ARM=
github.com/davecgh/go-spew v1.1.0 h1:ZDRjVQ15GmhC3fiQ8ni8+OwkZQO4DARzQgrnXU1Liz8=
github.com/davecgh/go-spew v1.1.0/go.mod h1:J7Y8YcW2NihsgmVo/mv3lAwl/skON4iLHjSsI+c5H38=
github.com/paulmach/go.geojson v1.4.0 h1:5x5moCkCtDo5x8af62P9IOAYGQcYHtxz2QJ3x1DoCgY=
github.com/paulmach/go.geojson v1.4.0/go.mod h1:YaKx1hKpWF+T2oj2lFJPsW/t1Q5e1jQI61eoQSTwpIs=
github.com/pmezard/go-difflib v1.0.0 h1:4DBwDE0NGyQoBHbLQYPwSUPoCMWR5BEzIk/f1lZbAQM=
github.com/pmezard/go-difflib v1.0.0/go.mod h1:iKH77koFhYxTK1pcRnkKkqfTogsbg7gZNVY4sRDYZ/4=
github.com/stretchr/objx v0.1.0/go.mod h1:HFkY916IF+rwdDfMAkV7OtwuqBVzrE8GR6GFx+wExME=
github.com/stretchr/testify v1.7.0 h1:nwc3DEeHmmLAfoZucVR881uASk0Mfjw8xYJ99tb5CcY=
github.com/stretchr/testify v1.7.0/go.mod h1:6Fq8oRcR53rry900zMqJjRRixrwX3KX962/h/Wwjteg=
gopkg.in/check.v1 v0.0.0-20161208181325-20d25e280405 h1:yhCVgyC4o1eVCa2tZl7eS0r+SDo693bJlVdllGtEeKM=
gopkg.in/check.v1 v0.0.0-20161208181325-20d25e280405/go.mod h1:Co6ibVJAznAaIkqp8huTwlJQCZ016jof/cbN4VW5Yz0=
gopkg.in/yaml.v3 v3.0.0-20200313102051-9f266ea9e77c h1:dUUwHk2QECo/6vqA44rthZ8ie2QXMNeKRTHCNY2nXvo=
gopkg.in/yaml.v3 v3.0.0-20200313102051-9f266ea9e77c/go.mod h1:K4uyk7z7BCEPqu6E+C64Yfv1cQ7kz7rIZviUmN+EgEM=
